{
  "version": "2",
  "remote": {
    "https://deno.land/std@0.170.0/collections/_utils.ts": "fd759867be7a0047a1fa89ec89f7b58ebe3f2f7f089a8f4e416eb30c5d764868",
    "https://deno.land/std@0.170.0/collections/deep_merge.ts": "0303cca7697646c5464ecb3337d494602056babae4f09baf6619f1043ba7eb6d",
    "https://deno.land/std@0.170.0/encoding/_toml/parser.ts": "6de38ea8e4dd5571c994eee5ccb4fb8fa920dd9022623209235020e815dd1f67",
    "https://deno.land/std@0.170.0/encoding/toml.ts": "d5772456392125a5cc5524930936eb5c82101c8c12ccfdc4fde6622a3fad838a",
    "https://deno.land/std@0.170.0/fmt/colors.ts": "03ad95e543d2808bc43c17a3dd29d25b43d0f16287fe562a0be89bf632454a12",
    "https://deno.land/std@0.170.0/testing/_diff.ts": "a23e7fc2b4d8daa3e158fa06856bedf5334ce2a2831e8bf9e509717f455adb2c",
    "https://deno.land/std@0.170.0/testing/_format.ts": "cd11136e1797791045e639e9f0f4640d5b4166148796cad37e6ef75f7d7f3832",
    "https://deno.land/std@0.170.0/testing/asserts.ts": "51353e79437361d4b02d8e32f3fc83b22231bc8f8d4c841d86fd32b0b0afe940",
    "https://raw.githubusercontent.com/sigmaSd/RonDeno/master/lib/rs_lib.generated.js": "1237a4741de4aa6dd6ca9931178bffcb8d202dd5f0373ea194d054e9dd1faadd",
    "https://raw.githubusercontent.com/sigmaSd/RonDeno/master/mod.ts": "0c4a265770f98d3e73463384c6448e273f23da52224d1af0b5393f07b1397198"
  }
}
